// !$*UTF8*$!
{
	archiveVersion = 1;
	classes = {
	};
	objectVersion = 48;
	objects = {

/* Begin PBXBuildFile section */
		186C289721ABB2AE007BC0CE /* TestBaSchedule.swift in Sources */ = {isa = PBXBuildFile; fileRef = 186C289621ABB2AE007BC0CE /* TestBaSchedule.swift */; };
		186C289921ABB85B007BC0CE /* TestBsSchedule.swift in Sources */ = {isa = PBXBuildFile; fileRef = 186C289821ABB85B007BC0CE /* TestBsSchedule.swift */; };
		1892374E218644AC000E2AD0 /* ViewControllerYearTest.swift in Sources */ = {isa = PBXBuildFile; fileRef = 1892374D218644AC000E2AD0 /* ViewControllerYearTest.swift */; };
		18923750218655BA000E2AD0 /* ViewControllerTechTest.swift in Sources */ = {isa = PBXBuildFile; fileRef = 1892374F218655BA000E2AD0 /* ViewControllerTechTest.swift */; };
		18923752218658DF000E2AD0 /* ViewControllerBreadthTest.swift in Sources */ = {isa = PBXBuildFile; fileRef = 18923751218658DF000E2AD0 /* ViewControllerBreadthTest.swift */; };
		1892375421865BF5000E2AD0 /* ViewControllerCoreTest.swift in Sources */ = {isa = PBXBuildFile; fileRef = 1892375321865BF5000E2AD0 /* ViewControllerCoreTest.swift */; };
		1892375821865DF0000E2AD0 /* ViewControllerDegreeTest.swift in Sources */ = {isa = PBXBuildFile; fileRef = 1892375721865DF0000E2AD0 /* ViewControllerDegreeTest.swift */; };
		18F5E59F219A4B450003ABC0 /* TestBaInfo.swift in Sources */ = {isa = PBXBuildFile; fileRef = 18F5E59E219A4B450003ABC0 /* TestBaInfo.swift */; };
		18F5E5A5219A53F10003ABC0 /* TestBaPhed.swift in Sources */ = {isa = PBXBuildFile; fileRef = 18F5E5A4219A53F10003ABC0 /* TestBaPhed.swift */; };
		18F5E5A7219A56D40003ABC0 /* TestBsStats.swift in Sources */ = {isa = PBXBuildFile; fileRef = 18F5E5A6219A56D40003ABC0 /* TestBsStats.swift */; };
		18F5E5A9219A58C90003ABC0 /* TestBsDepthTrack.swift in Sources */ = {isa = PBXBuildFile; fileRef = 18F5E5A8219A58C90003ABC0 /* TestBsDepthTrack.swift */; };
		18F5E5AB219A5C160003ABC0 /* TestBsDepth.swift in Sources */ = {isa = PBXBuildFile; fileRef = 18F5E5AA219A5C160003ABC0 /* TestBsDepth.swift */; };
		18F5E5B421A4786A0003ABC0 /* TestBsPhed.swift in Sources */ = {isa = PBXBuildFile; fileRef = 18F5E5B321A4786A0003ABC0 /* TestBsPhed.swift */; };
		CE2A18922185573F007E449A /* ViewControllerInfo.swift in Sources */ = {isa = PBXBuildFile; fileRef = CE2A18912185573F007E449A /* ViewControllerInfo.swift */; };
		F005E38321AB4D5D0051AA10 /* TableViewControllerSchedule.swift in Sources */ = {isa = PBXBuildFile; fileRef = F005E38221AB4D5D0051AA10 /* TableViewControllerSchedule.swift */; };
		F04705AF21BA0F79001568EA /* cwru-stacked-logo (1).png in Resources */ = {isa = PBXBuildFile; fileRef = F04705AE21BA0F79001568EA /* cwru-stacked-logo (1).png */; };
		F04705B121BA13F7001568EA /* Cselogo124.png in Resources */ = {isa = PBXBuildFile; fileRef = F04705B021BA13F6001568EA /* Cselogo124.png */; };
		F071CE112196B6E400ED4700 /* ViewControllerA&S.swift in Sources */ = {isa = PBXBuildFile; fileRef = F071CE102196B6E400ED4700 /* ViewControllerA&S.swift */; };
		F071CE132196BEDE00ED4700 /* TableViewControllerA_S.swift in Sources */ = {isa = PBXBuildFile; fileRef = F071CE122196BEDE00ED4700 /* TableViewControllerA_S.swift */; };
		F0878A872196D0F8003CFF73 /* TableViewControllerENGR.swift in Sources */ = {isa = PBXBuildFile; fileRef = F0878A862196D0F8003CFF73 /* TableViewControllerENGR.swift */; };
		F0878A892196D14E003CFF73 /* ViewControllerENGR.swift in Sources */ = {isa = PBXBuildFile; fileRef = F0878A882196D14E003CFF73 /* ViewControllerENGR.swift */; };
		F0878A8B2196D6B6003CFF73 /* ViewControllerStat.swift in Sources */ = {isa = PBXBuildFile; fileRef = F0878A8A2196D6B6003CFF73 /* ViewControllerStat.swift */; };
		F0878A8D2196E138003CFF73 /* ViewControllerDepth.swift in Sources */ = {isa = PBXBuildFile; fileRef = F0878A8C2196E138003CFF73 /* ViewControllerDepth.swift */; };
		F08E7BF8215D9F8F00F2CD8F /* AppDelegate.swift in Sources */ = {isa = PBXBuildFile; fileRef = F08E7BF7215D9F8F00F2CD8F /* AppDelegate.swift */; };
		F08E7BFA215D9F8F00F2CD8F /* ViewControllerYear.swift in Sources */ = {isa = PBXBuildFile; fileRef = F08E7BF9215D9F8F00F2CD8F /* ViewControllerYear.swift */; };
		F08E7BFD215D9F8F00F2CD8F /* Main.storyboard in Resources */ = {isa = PBXBuildFile; fileRef = F08E7BFB215D9F8F00F2CD8F /* Main.storyboard */; };
		F08E7BFF215D9F8F00F2CD8F /* Assets.xcassets in Resources */ = {isa = PBXBuildFile; fileRef = F08E7BFE215D9F8F00F2CD8F /* Assets.xcassets */; };
		F08E7C02215D9F8F00F2CD8F /* LaunchScreen.storyboard in Resources */ = {isa = PBXBuildFile; fileRef = F08E7C00215D9F8F00F2CD8F /* LaunchScreen.storyboard */; };
		F0E5DE0721841A1000DD2451 /* ViewControllerDegree.swift in Sources */ = {isa = PBXBuildFile; fileRef = F0E5DE0621841A1000DD2451 /* ViewControllerDegree.swift */; };
		F0E5DE09218421A000DD2451 /* ViewControllerRequirements.swift in Sources */ = {isa = PBXBuildFile; fileRef = F0E5DE08218421A000DD2451 /* ViewControllerRequirements.swift */; };
		F0E5DE1321843A0C00DD2451 /* TableViewControllerCore.swift in Sources */ = {isa = PBXBuildFile; fileRef = F0E5DE1221843A0C00DD2451 /* TableViewControllerCore.swift */; };
		F0E5DE1721844DF100DD2451 /* ViewControllerTech.swift in Sources */ = {isa = PBXBuildFile; fileRef = F0E5DE1621844DF100DD2451 /* ViewControllerTech.swift */; };
/* End PBXBuildFile section */

/* Begin PBXContainerItemProxy section */
		18923723218636D6000E2AD0 /* PBXContainerItemProxy */ = {
			isa = PBXContainerItemProxy;
			containerPortal = F08E7BEC215D9F8F00F2CD8F /* Project object */;
			proxyType = 1;
			remoteGlobalIDString = F08E7BF3215D9F8F00F2CD8F;
			remoteInfo = "Graduation Requirement";
		};
		18923731218636E4000E2AD0 /* PBXContainerItemProxy */ = {
			isa = PBXContainerItemProxy;
			containerPortal = F08E7BEC215D9F8F00F2CD8F /* Project object */;
			proxyType = 1;
			remoteGlobalIDString = F08E7BF3215D9F8F00F2CD8F;
			remoteInfo = "Graduation Requirement";
		};
		18923744218643A3000E2AD0 /* PBXContainerItemProxy */ = {
			isa = PBXContainerItemProxy;
			containerPortal = F08E7BEC215D9F8F00F2CD8F /* Project object */;
			proxyType = 1;
			remoteGlobalIDString = F08E7BF3215D9F8F00F2CD8F;
			remoteInfo = "Graduation Requirement";
		};
/* End PBXContainerItemProxy section */

/* Begin PBXFileReference section */
		186C289621ABB2AE007BC0CE /* TestBaSchedule.swift */ = {isa = PBXFileReference; lastKnownFileType = sourcecode.swift; path = TestBaSchedule.swift; sourceTree = "<group>"; };
		186C289821ABB85B007BC0CE /* TestBsSchedule.swift */ = {isa = PBXFileReference; lastKnownFileType = sourcecode.swift; path = TestBsSchedule.swift; sourceTree = "<group>"; };
		1892371E218636D6000E2AD0 /* Graduation RequirementTests.xctest */ = {isa = PBXFileReference; explicitFileType = wrapper.cfbundle; includeInIndex = 0; path = "Graduation RequirementTests.xctest"; sourceTree = BUILT_PRODUCTS_DIR; };
		1892372C218636E4000E2AD0 /* GraduationRequirementTests.xctest */ = {isa = PBXFileReference; explicitFileType = wrapper.cfbundle; includeInIndex = 0; path = GraduationRequirementTests.xctest; sourceTree = BUILT_PRODUCTS_DIR; };
		1892373F218643A3000E2AD0 /* Graduation RequirementUITests.xctest */ = {isa = PBXFileReference; explicitFileType = wrapper.cfbundle; includeInIndex = 0; path = "Graduation RequirementUITests.xctest"; sourceTree = BUILT_PRODUCTS_DIR; };
		1892374C218644AB000E2AD0 /* Graduation RequirementUITests-Bridging-Header.h */ = {isa = PBXFileReference; lastKnownFileType = sourcecode.c.h; path = "Graduation RequirementUITests-Bridging-Header.h"; sourceTree = "<group>"; };
		1892374D218644AC000E2AD0 /* ViewControllerYearTest.swift */ = {isa = PBXFileReference; lastKnownFileType = sourcecode.swift; path = ViewControllerYearTest.swift; sourceTree = "<group>"; };
		1892374F218655BA000E2AD0 /* ViewControllerTechTest.swift */ = {isa = PBXFileReference; lastKnownFileType = sourcecode.swift; path = ViewControllerTechTest.swift; sourceTree = "<group>"; };
		18923751218658DF000E2AD0 /* ViewControllerBreadthTest.swift */ = {isa = PBXFileReference; lastKnownFileType = sourcecode.swift; path = ViewControllerBreadthTest.swift; sourceTree = "<group>"; };
		1892375321865BF5000E2AD0 /* ViewControllerCoreTest.swift */ = {isa = PBXFileReference; lastKnownFileType = sourcecode.swift; path = ViewControllerCoreTest.swift; sourceTree = "<group>"; };
		1892375721865DF0000E2AD0 /* ViewControllerDegreeTest.swift */ = {isa = PBXFileReference; lastKnownFileType = sourcecode.swift; path = ViewControllerDegreeTest.swift; sourceTree = "<group>"; };
		18F5E59E219A4B450003ABC0 /* TestBaInfo.swift */ = {isa = PBXFileReference; lastKnownFileType = sourcecode.swift; path = TestBaInfo.swift; sourceTree = "<group>"; };
		18F5E5A4219A53F10003ABC0 /* TestBaPhed.swift */ = {isa = PBXFileReference; lastKnownFileType = sourcecode.swift; path = TestBaPhed.swift; sourceTree = "<group>"; };
		18F5E5A6219A56D40003ABC0 /* TestBsStats.swift */ = {isa = PBXFileReference; lastKnownFileType = sourcecode.swift; path = TestBsStats.swift; sourceTree = "<group>"; };
		18F5E5A8219A58C90003ABC0 /* TestBsDepthTrack.swift */ = {isa = PBXFileReference; lastKnownFileType = sourcecode.swift; path = TestBsDepthTrack.swift; sourceTree = "<group>"; };
		18F5E5AA219A5C160003ABC0 /* TestBsDepth.swift */ = {isa = PBXFileReference; lastKnownFileType = sourcecode.swift; path = TestBsDepth.swift; sourceTree = "<group>"; };
		18F5E5B321A4786A0003ABC0 /* TestBsPhed.swift */ = {isa = PBXFileReference; lastKnownFileType = sourcecode.swift; path = TestBsPhed.swift; sourceTree = "<group>"; };
		CE2A18912185573F007E449A /* ViewControllerInfo.swift */ = {isa = PBXFileReference; lastKnownFileType = sourcecode.swift; path = ViewControllerInfo.swift; sourceTree = "<group>"; };
		F005E38221AB4D5D0051AA10 /* TableViewControllerSchedule.swift */ = {isa = PBXFileReference; lastKnownFileType = sourcecode.swift; path = TableViewControllerSchedule.swift; sourceTree = "<group>"; };
		F04705AE21BA0F79001568EA /* cwru-stacked-logo (1).png */ = {isa = PBXFileReference; lastKnownFileType = image.png; name = "cwru-stacked-logo (1).png"; path = "../../../../../../Downloads/cwru-stacked-logo (1).png"; sourceTree = "<group>"; };
		F04705B021BA13F6001568EA /* Cselogo124.png */ = {isa = PBXFileReference; lastKnownFileType = image.png; name = Cselogo124.png; path = ../../../../../../Downloads/Cselogo124.png; sourceTree = "<group>"; };
		F071CE102196B6E400ED4700 /* ViewControllerA&S.swift */ = {isa = PBXFileReference; lastKnownFileType = sourcecode.swift; path = "ViewControllerA&S.swift"; sourceTree = "<group>"; };
		F071CE122196BEDE00ED4700 /* TableViewControllerA_S.swift */ = {isa = PBXFileReference; lastKnownFileType = sourcecode.swift; path = TableViewControllerA_S.swift; sourceTree = "<group>"; };
		F0878A862196D0F8003CFF73 /* TableViewControllerENGR.swift */ = {isa = PBXFileReference; lastKnownFileType = sourcecode.swift; path = TableViewControllerENGR.swift; sourceTree = "<group>"; };
		F0878A882196D14E003CFF73 /* ViewControllerENGR.swift */ = {isa = PBXFileReference; lastKnownFileType = sourcecode.swift; path = ViewControllerENGR.swift; sourceTree = "<group>"; };
		F0878A8A2196D6B6003CFF73 /* ViewControllerStat.swift */ = {isa = PBXFileReference; lastKnownFileType = sourcecode.swift; path = ViewControllerStat.swift; sourceTree = "<group>"; };
		F0878A8C2196E138003CFF73 /* ViewControllerDepth.swift */ = {isa = PBXFileReference; lastKnownFileType = sourcecode.swift; path = ViewControllerDepth.swift; sourceTree = "<group>"; };
		F08E7BF4215D9F8F00F2CD8F /* Graduation Requirement.app */ = {isa = PBXFileReference; explicitFileType = wrapper.application; includeInIndex = 0; path = "Graduation Requirement.app"; sourceTree = BUILT_PRODUCTS_DIR; };
		F08E7BF7215D9F8F00F2CD8F /* AppDelegate.swift */ = {isa = PBXFileReference; lastKnownFileType = sourcecode.swift; path = AppDelegate.swift; sourceTree = "<group>"; };
		F08E7BF9215D9F8F00F2CD8F /* ViewControllerYear.swift */ = {isa = PBXFileReference; lastKnownFileType = sourcecode.swift; path = ViewControllerYear.swift; sourceTree = "<group>"; };
		F08E7BFC215D9F8F00F2CD8F /* Base */ = {isa = PBXFileReference; lastKnownFileType = file.storyboard; name = Base; path = Base.lproj/Main.storyboard; sourceTree = "<group>"; };
		F08E7BFE215D9F8F00F2CD8F /* Assets.xcassets */ = {isa = PBXFileReference; lastKnownFileType = folder.assetcatalog; path = Assets.xcassets; sourceTree = "<group>"; };
		F08E7C01215D9F8F00F2CD8F /* Base */ = {isa = PBXFileReference; lastKnownFileType = file.storyboard; name = Base; path = Base.lproj/LaunchScreen.storyboard; sourceTree = "<group>"; };
		F08E7C03215D9F8F00F2CD8F /* Info.plist */ = {isa = PBXFileReference; lastKnownFileType = text.plist.xml; path = Info.plist; sourceTree = "<group>"; };
		F0E5DE0621841A1000DD2451 /* ViewControllerDegree.swift */ = {isa = PBXFileReference; lastKnownFileType = sourcecode.swift; path = ViewControllerDegree.swift; sourceTree = "<group>"; };
		F0E5DE08218421A000DD2451 /* ViewControllerRequirements.swift */ = {isa = PBXFileReference; lastKnownFileType = sourcecode.swift; path = ViewControllerRequirements.swift; sourceTree = "<group>"; };
		F0E5DE1221843A0C00DD2451 /* TableViewControllerCore.swift */ = {isa = PBXFileReference; lastKnownFileType = sourcecode.swift; path = TableViewControllerCore.swift; sourceTree = "<group>"; };
		F0E5DE1621844DF100DD2451 /* ViewControllerTech.swift */ = {isa = PBXFileReference; lastKnownFileType = sourcecode.swift; path = ViewControllerTech.swift; sourceTree = "<group>"; };
/* End PBXFileReference section */

/* Begin PBXFrameworksBuildPhase section */
		1892371B218636D6000E2AD0 /* Frameworks */ = {
			isa = PBXFrameworksBuildPhase;
			buildActionMask = 2147483647;
			files = (
			);
			runOnlyForDeploymentPostprocessing = 0;
		};
		18923729218636E4000E2AD0 /* Frameworks */ = {
			isa = PBXFrameworksBuildPhase;
			buildActionMask = 2147483647;
			files = (
			);
			runOnlyForDeploymentPostprocessing = 0;
		};
		1892373C218643A3000E2AD0 /* Frameworks */ = {
			isa = PBXFrameworksBuildPhase;
			buildActionMask = 2147483647;
			files = (
			);
			runOnlyForDeploymentPostprocessing = 0;
		};
		F08E7BF1215D9F8F00F2CD8F /* Frameworks */ = {
			isa = PBXFrameworksBuildPhase;
			buildActionMask = 2147483647;
			files = (
			);
			runOnlyForDeploymentPostprocessing = 0;
		};
/* End PBXFrameworksBuildPhase section */

/* Begin PBXGroup section */
		1892374B21864445000E2AD0 /* UITest */ = {
			isa = PBXGroup;
			children = (
				18F5E59E219A4B450003ABC0 /* TestBaInfo.swift */,
				18F5E5A6219A56D40003ABC0 /* TestBsStats.swift */,
				18923751218658DF000E2AD0 /* ViewControllerBreadthTest.swift */,
				1892374D218644AC000E2AD0 /* ViewControllerYearTest.swift */,
				1892374C218644AB000E2AD0 /* Graduation RequirementUITests-Bridging-Header.h */,
				1892374F218655BA000E2AD0 /* ViewControllerTechTest.swift */,
				1892375321865BF5000E2AD0 /* ViewControllerCoreTest.swift */,
				1892375721865DF0000E2AD0 /* ViewControllerDegreeTest.swift */,
				18F5E5A4219A53F10003ABC0 /* TestBaPhed.swift */,
				18F5E5A8219A58C90003ABC0 /* TestBsDepthTrack.swift */,
				18F5E5AA219A5C160003ABC0 /* TestBsDepth.swift */,
				18F5E5B321A4786A0003ABC0 /* TestBsPhed.swift */,
				186C289621ABB2AE007BC0CE /* TestBaSchedule.swift */,
				186C289821ABB85B007BC0CE /* TestBsSchedule.swift */,
			);
			path = UITest;
			sourceTree = "<group>";
		};
		F08E7BEB215D9F8F00F2CD8F = {
			isa = PBXGroup;
			children = (
				1892374B21864445000E2AD0 /* UITest */,
				F08E7BF6215D9F8F00F2CD8F /* Graduation Requirement */,
				F08E7BF5215D9F8F00F2CD8F /* Products */,
			);
			sourceTree = "<group>";
		};
		F08E7BF5215D9F8F00F2CD8F /* Products */ = {
			isa = PBXGroup;
			children = (
				F08E7BF4215D9F8F00F2CD8F /* Graduation Requirement.app */,
				1892371E218636D6000E2AD0 /* Graduation RequirementTests.xctest */,
				1892372C218636E4000E2AD0 /* GraduationRequirementTests.xctest */,
				1892373F218643A3000E2AD0 /* Graduation RequirementUITests.xctest */,
			);
			name = Products;
			sourceTree = "<group>";
		};
		F08E7BF6215D9F8F00F2CD8F /* Graduation Requirement */ = {
			isa = PBXGroup;
			children = (
				F005E38221AB4D5D0051AA10 /* TableViewControllerSchedule.swift */,
				F0878A8C2196E138003CFF73 /* ViewControllerDepth.swift */,
				F0878A8A2196D6B6003CFF73 /* ViewControllerStat.swift */,
				F071CE122196BEDE00ED4700 /* TableViewControllerA_S.swift */,
				F0878A862196D0F8003CFF73 /* TableViewControllerENGR.swift */,
				F0878A882196D14E003CFF73 /* ViewControllerENGR.swift */,
				F071CE102196B6E400ED4700 /* ViewControllerA&S.swift */,
				F0E5DE1221843A0C00DD2451 /* TableViewControllerCore.swift */,
				F0E5DE08218421A000DD2451 /* ViewControllerRequirements.swift */,
				F08E7BF7215D9F8F00F2CD8F /* AppDelegate.swift */,
				F08E7BF9215D9F8F00F2CD8F /* ViewControllerYear.swift */,
				F08E7BFB215D9F8F00F2CD8F /* Main.storyboard */,
				F0E5DE1621844DF100DD2451 /* ViewControllerTech.swift */,
				F0E5DE0621841A1000DD2451 /* ViewControllerDegree.swift */,
				F08E7BFE215D9F8F00F2CD8F /* Assets.xcassets */,
				F08E7C00215D9F8F00F2CD8F /* LaunchScreen.storyboard */,
				F04705B021BA13F6001568EA /* Cselogo124.png */,
				F04705AE21BA0F79001568EA /* cwru-stacked-logo (1).png */,
				CE2A18912185573F007E449A /* ViewControllerInfo.swift */,
				F08E7C03215D9F8F00F2CD8F /* Info.plist */,
			);
			path = "Graduation Requirement";
			sourceTree = "<group>";
		};
/* End PBXGroup section */

/* Begin PBXNativeTarget section */
		1892371D218636D6000E2AD0 /* Graduation RequirementTests */ = {
			isa = PBXNativeTarget;
			buildConfigurationList = 18923727218636D6000E2AD0 /* Build configuration list for PBXNativeTarget "Graduation RequirementTests" */;
			buildPhases = (
				1892371A218636D6000E2AD0 /* Sources */,
				1892371B218636D6000E2AD0 /* Frameworks */,
				1892371C218636D6000E2AD0 /* Resources */,
			);
			buildRules = (
			);
			dependencies = (
				18923724218636D6000E2AD0 /* PBXTargetDependency */,
			);
			name = "Graduation RequirementTests";
			productName = "Graduation RequirementTests";
			productReference = 1892371E218636D6000E2AD0 /* Graduation RequirementTests.xctest */;
			productType = "com.apple.product-type.bundle.unit-test";
		};
		1892372B218636E4000E2AD0 /* GraduationRequirementTests */ = {
			isa = PBXNativeTarget;
			buildConfigurationList = 18923733218636E4000E2AD0 /* Build configuration list for PBXNativeTarget "GraduationRequirementTests" */;
			buildPhases = (
				18923728218636E4000E2AD0 /* Sources */,
				18923729218636E4000E2AD0 /* Frameworks */,
				1892372A218636E4000E2AD0 /* Resources */,
			);
			buildRules = (
			);
			dependencies = (
				18923732218636E4000E2AD0 /* PBXTargetDependency */,
			);
			name = GraduationRequirementTests;
			productName = GraduationRequirementTests;
			productReference = 1892372C218636E4000E2AD0 /* GraduationRequirementTests.xctest */;
			productType = "com.apple.product-type.bundle.unit-test";
		};
		1892373E218643A3000E2AD0 /* Graduation RequirementUITests */ = {
			isa = PBXNativeTarget;
			buildConfigurationList = 18923746218643A3000E2AD0 /* Build configuration list for PBXNativeTarget "Graduation RequirementUITests" */;
			buildPhases = (
				1892373B218643A3000E2AD0 /* Sources */,
				1892373C218643A3000E2AD0 /* Frameworks */,
				1892373D218643A3000E2AD0 /* Resources */,
			);
			buildRules = (
			);
			dependencies = (
				18923745218643A3000E2AD0 /* PBXTargetDependency */,
			);
			name = "Graduation RequirementUITests";
			productName = "Graduation RequirementUITests";
			productReference = 1892373F218643A3000E2AD0 /* Graduation RequirementUITests.xctest */;
			productType = "com.apple.product-type.bundle.ui-testing";
		};
		F08E7BF3215D9F8F00F2CD8F /* Graduation Requirement */ = {
			isa = PBXNativeTarget;
			buildConfigurationList = F08E7C06215D9F8F00F2CD8F /* Build configuration list for PBXNativeTarget "Graduation Requirement" */;
			buildPhases = (
				F08E7BF0215D9F8F00F2CD8F /* Sources */,
				F08E7BF1215D9F8F00F2CD8F /* Frameworks */,
				F08E7BF2215D9F8F00F2CD8F /* Resources */,
			);
			buildRules = (
			);
			dependencies = (
			);
			name = "Graduation Requirement";
			productName = "Graduation Requirement";
			productReference = F08E7BF4215D9F8F00F2CD8F /* Graduation Requirement.app */;
			productType = "com.apple.product-type.application";
		};
/* End PBXNativeTarget section */

/* Begin PBXProject section */
		F08E7BEC215D9F8F00F2CD8F /* Project object */ = {
			isa = PBXProject;
			attributes = {
				LastSwiftUpdateCheck = 1000;
				LastUpgradeCheck = 0900;
				ORGANIZATIONNAME = EECS393;
				TargetAttributes = {
					1892371D218636D6000E2AD0 = {
						CreatedOnToolsVersion = 10.0;
						ProvisioningStyle = Automatic;
						TestTargetID = F08E7BF3215D9F8F00F2CD8F;
					};
					1892372B218636E4000E2AD0 = {
						CreatedOnToolsVersion = 10.0;
						ProvisioningStyle = Automatic;
						TestTargetID = F08E7BF3215D9F8F00F2CD8F;
					};
					1892373E218643A3000E2AD0 = {
						CreatedOnToolsVersion = 10.0;
						LastSwiftMigration = 1000;
						ProvisioningStyle = Automatic;
						TestTargetID = F08E7BF3215D9F8F00F2CD8F;
					};
					F08E7BF3215D9F8F00F2CD8F = {
						CreatedOnToolsVersion = 9.0.1;
						ProvisioningStyle = Automatic;
					};
				};
			};
			buildConfigurationList = F08E7BEF215D9F8F00F2CD8F /* Build configuration list for PBXProject "Graduation Requirement" */;
			compatibilityVersion = "Xcode 8.0";
			developmentRegion = en;
			hasScannedForEncodings = 0;
			knownRegions = (
				en,
				Base,
			);
			mainGroup = F08E7BEB215D9F8F00F2CD8F;
			productRefGroup = F08E7BF5215D9F8F00F2CD8F /* Products */;
			projectDirPath = "";
			projectRoot = "";
			targets = (
				F08E7BF3215D9F8F00F2CD8F /* Graduation Requirement */,
				1892371D218636D6000E2AD0 /* Graduation RequirementTests */,
				1892372B218636E4000E2AD0 /* GraduationRequirementTests */,
				1892373E218643A3000E2AD0 /* Graduation RequirementUITests */,
			);
		};
/* End PBXProject section */

/* Begin PBXResourcesBuildPhase section */
		1892371C218636D6000E2AD0 /* Resources */ = {
			isa = PBXResourcesBuildPhase;
			buildActionMask = 2147483647;
			files = (
			);
			runOnlyForDeploymentPostprocessing = 0;
		};
		1892372A218636E4000E2AD0 /* Resources */ = {
			isa = PBXResourcesBuildPhase;
			buildActionMask = 2147483647;
			files = (
			);
			runOnlyForDeploymentPostprocessing = 0;
		};
		1892373D218643A3000E2AD0 /* Resources */ = {
			isa = PBXResourcesBuildPhase;
			buildActionMask = 2147483647;
			files = (
			);
			runOnlyForDeploymentPostprocessing = 0;
		};
		F08E7BF2215D9F8F00F2CD8F /* Resources */ = {
			isa = PBXResourcesBuildPhase;
			buildActionMask = 2147483647;
			files = (
				F08E7C02215D9F8F00F2CD8F /* LaunchScreen.storyboard in Resources */,
				F04705B121BA13F7001568EA /* Cselogo124.png in Resources */,
				F08E7BFF215D9F8F00F2CD8F /* Assets.xcassets in Resources */,
				F04705AF21BA0F79001568EA /* cwru-stacked-logo (1).png in Resources */,
				F08E7BFD215D9F8F00F2CD8F /* Main.storyboard in Resources */,
			);
			runOnlyForDeploymentPostprocessing = 0;
		};
/* End PBXResourcesBuildPhase section */

/* Begin PBXSourcesBuildPhase section */
		1892371A218636D6000E2AD0 /* Sources */ = {
			isa = PBXSourcesBuildPhase;
			buildActionMask = 2147483647;
			files = (
			);
			runOnlyForDeploymentPostprocessing = 0;
		};
		18923728218636E4000E2AD0 /* Sources */ = {
			isa = PBXSourcesBuildPhase;
			buildActionMask = 2147483647;
			files = (
			);
			runOnlyForDeploymentPostprocessing = 0;
		};
		1892373B218643A3000E2AD0 /* Sources */ = {
			isa = PBXSourcesBuildPhase;
			buildActionMask = 2147483647;
			files = (
				1892375821865DF0000E2AD0 /* ViewControllerDegreeTest.swift in Sources */,
				18F5E5AB219A5C160003ABC0 /* TestBsDepth.swift in Sources */,
				18F5E59F219A4B450003ABC0 /* TestBaInfo.swift in Sources */,
				186C289921ABB85B007BC0CE /* TestBsSchedule.swift in Sources */,
				186C289721ABB2AE007BC0CE /* TestBaSchedule.swift in Sources */,
				18923750218655BA000E2AD0 /* ViewControllerTechTest.swift in Sources */,
				1892374E218644AC000E2AD0 /* ViewControllerYearTest.swift in Sources */,
				18923752218658DF000E2AD0 /* ViewControllerBreadthTest.swift in Sources */,
				18F5E5A5219A53F10003ABC0 /* TestBaPhed.swift in Sources */,
				18F5E5A7219A56D40003ABC0 /* TestBsStats.swift in Sources */,
				18F5E5A9219A58C90003ABC0 /* TestBsDepthTrack.swift in Sources */,
				18F5E5B421A4786A0003ABC0 /* TestBsPhed.swift in Sources */,
				1892375421865BF5000E2AD0 /* ViewControllerCoreTest.swift in Sources */,
			);
			runOnlyForDeploymentPostprocessing = 0;
		};
		F08E7BF0215D9F8F00F2CD8F /* Sources */ = {
			isa = PBXSourcesBuildPhase;
			buildActionMask = 2147483647;
			files = (
				F0E5DE1721844DF100DD2451 /* ViewControllerTech.swift in Sources */,
				F0878A8D2196E138003CFF73 /* ViewControllerDepth.swift in Sources */,
				F0878A872196D0F8003CFF73 /* TableViewControllerENGR.swift in Sources */,
				F0878A8B2196D6B6003CFF73 /* ViewControllerStat.swift in Sources */,
				F0E5DE09218421A000DD2451 /* ViewControllerRequirements.swift in Sources */,
				F071CE132196BEDE00ED4700 /* TableViewControllerA_S.swift in Sources */,
				F005E38321AB4D5D0051AA10 /* TableViewControllerSchedule.swift in Sources */,
				F0E5DE0721841A1000DD2451 /* ViewControllerDegree.swift in Sources */,
				F071CE112196B6E400ED4700 /* ViewControllerA&S.swift in Sources */,
				F08E7BFA215D9F8F00F2CD8F /* ViewControllerYear.swift in Sources */,
				F0878A892196D14E003CFF73 /* ViewControllerENGR.swift in Sources */,
				F0E5DE1321843A0C00DD2451 /* TableViewControllerCore.swift in Sources */,
				CE2A18922185573F007E449A /* ViewControllerInfo.swift in Sources */,
				F08E7BF8215D9F8F00F2CD8F /* AppDelegate.swift in Sources */,
			);
			runOnlyForDeploymentPostprocessing = 0;
		};
/* End PBXSourcesBuildPhase section */

/* Begin PBXTargetDependency section */
		18923724218636D6000E2AD0 /* PBXTargetDependency */ = {
			isa = PBXTargetDependency;
			target = F08E7BF3215D9F8F00F2CD8F /* Graduation Requirement */;
			targetProxy = 18923723218636D6000E2AD0 /* PBXContainerItemProxy */;
		};
		18923732218636E4000E2AD0 /* PBXTargetDependency */ = {
			isa = PBXTargetDependency;
			target = F08E7BF3215D9F8F00F2CD8F /* Graduation Requirement */;
			targetProxy = 18923731218636E4000E2AD0 /* PBXContainerItemProxy */;
		};
		18923745218643A3000E2AD0 /* PBXTargetDependency */ = {
			isa = PBXTargetDependency;
			target = F08E7BF3215D9F8F00F2CD8F /* Graduation Requirement */;
			targetProxy = 18923744218643A3000E2AD0 /* PBXContainerItemProxy */;
		};
/* End PBXTargetDependency section */

/* Begin PBXVariantGroup section */
		F08E7BFB215D9F8F00F2CD8F /* Main.storyboard */ = {
			isa = PBXVariantGroup;
			children = (
				F08E7BFC215D9F8F00F2CD8F /* Base */,
			);
			name = Main.storyboard;
			sourceTree = "<group>";
		};
		F08E7C00215D9F8F00F2CD8F /* LaunchScreen.storyboard */ = {
			isa = PBXVariantGroup;
			children = (
				F08E7C01215D9F8F00F2CD8F /* Base */,
			);
			name = LaunchScreen.storyboard;
			sourceTree = "<group>";
		};
/* End PBXVariantGroup section */

/* Begin XCBuildConfiguration section */
		18923725218636D6000E2AD0 /* Debug */ = {
			isa = XCBuildConfiguration;
			buildSettings = {
				BUNDLE_LOADER = "$(TEST_HOST)";
				CLANG_ENABLE_OBJC_WEAK = YES;
				CLANG_WARN_DEPRECATED_OBJC_IMPLEMENTATIONS = YES;
				CLANG_WARN_OBJC_IMPLICIT_RETAIN_SELF = YES;
				CODE_SIGN_STYLE = Automatic;
				INFOPLIST_FILE = "Graduation RequirementTests/Info.plist";
				IPHONEOS_DEPLOYMENT_TARGET = 12.0;
				LD_RUNPATH_SEARCH_PATHS = "$(inherited) @executable_path/Frameworks @loader_path/Frameworks";
				MTL_ENABLE_DEBUG_INFO = INCLUDE_SOURCE;
				MTL_FAST_MATH = YES;
				PRODUCT_BUNDLE_IDENTIFIER = "com.shiqing.Graduation-RequirementTests";
				PRODUCT_NAME = "$(TARGET_NAME)";
				SWIFT_VERSION = 4.2;
				TARGETED_DEVICE_FAMILY = "1,2";
				TEST_HOST = "$(BUILT_PRODUCTS_DIR)/Graduation Requirement.app/Graduation Requirement";
			};
			name = Debug;
		};
		18923726218636D6000E2AD0 /* Release */ = {
			isa = XCBuildConfiguration;
			buildSettings = {
				BUNDLE_LOADER = "$(TEST_HOST)";
				CLANG_ENABLE_OBJC_WEAK = YES;
				CLANG_WARN_DEPRECATED_OBJC_IMPLEMENTATIONS = YES;
				CLANG_WARN_OBJC_IMPLICIT_RETAIN_SELF = YES;
				CODE_SIGN_STYLE = Automatic;
				INFOPLIST_FILE = "Graduation RequirementTests/Info.plist";
				IPHONEOS_DEPLOYMENT_TARGET = 12.0;
				LD_RUNPATH_SEARCH_PATHS = "$(inherited) @executable_path/Frameworks @loader_path/Frameworks";
				MTL_FAST_MATH = YES;
				PRODUCT_BUNDLE_IDENTIFIER = "com.shiqing.Graduation-RequirementTests";
				PRODUCT_NAME = "$(TARGET_NAME)";
				SWIFT_VERSION = 4.2;
				TARGETED_DEVICE_FAMILY = "1,2";
				TEST_HOST = "$(BUILT_PRODUCTS_DIR)/Graduation Requirement.app/Graduation Requirement";
			};
			name = Release;
		};
		18923734218636E4000E2AD0 /* Debug */ = {
			isa = XCBuildConfiguration;
			buildSettings = {
				BUNDLE_LOADER = "$(TEST_HOST)";
				CLANG_ENABLE_OBJC_WEAK = YES;
				CLANG_WARN_DEPRECATED_OBJC_IMPLEMENTATIONS = YES;
				CLANG_WARN_OBJC_IMPLICIT_RETAIN_SELF = YES;
				CODE_SIGN_STYLE = Automatic;
				INFOPLIST_FILE = GraduationRequirementTests/Info.plist;
				IPHONEOS_DEPLOYMENT_TARGET = 12.0;
				LD_RUNPATH_SEARCH_PATHS = "$(inherited) @executable_path/Frameworks @loader_path/Frameworks";
				MTL_ENABLE_DEBUG_INFO = INCLUDE_SOURCE;
				MTL_FAST_MATH = YES;
				PRODUCT_BUNDLE_IDENTIFIER = com.shiqing.GraduationRequirementTests;
				PRODUCT_NAME = "$(TARGET_NAME)";
				SWIFT_VERSION = 4.2;
				TARGETED_DEVICE_FAMILY = "1,2";
				TEST_HOST = "$(BUILT_PRODUCTS_DIR)/Graduation Requirement.app/Graduation Requirement";
			};
			name = Debug;
		};
		18923735218636E4000E2AD0 /* Release */ = {
			isa = XCBuildConfiguration;
			buildSettings = {
				BUNDLE_LOADER = "$(TEST_HOST)";
				CLANG_ENABLE_OBJC_WEAK = YES;
				CLANG_WARN_DEPRECATED_OBJC_IMPLEMENTATIONS = YES;
				CLANG_WARN_OBJC_IMPLICIT_RETAIN_SELF = YES;
				CODE_SIGN_STYLE = Automatic;
				INFOPLIST_FILE = GraduationRequirementTests/Info.plist;
				IPHONEOS_DEPLOYMENT_TARGET = 12.0;
				LD_RUNPATH_SEARCH_PATHS = "$(inherited) @executable_path/Frameworks @loader_path/Frameworks";
				MTL_FAST_MATH = YES;
				PRODUCT_BUNDLE_IDENTIFIER = com.shiqing.GraduationRequirementTests;
				PRODUCT_NAME = "$(TARGET_NAME)";
				SWIFT_VERSION = 4.2;
				TARGETED_DEVICE_FAMILY = "1,2";
				TEST_HOST = "$(BUILT_PRODUCTS_DIR)/Graduation Requirement.app/Graduation Requirement";
			};
			name = Release;
		};
		18923747218643A3000E2AD0 /* Debug */ = {
			isa = XCBuildConfiguration;
			buildSettings = {
				CLANG_ENABLE_MODULES = YES;
				CLANG_ENABLE_OBJC_WEAK = YES;
				CLANG_WARN_DEPRECATED_OBJC_IMPLEMENTATIONS = YES;
				CLANG_WARN_OBJC_IMPLICIT_RETAIN_SELF = YES;
				CODE_SIGN_STYLE = Automatic;
				INFOPLIST_FILE = "Graduation RequirementUITests/Info.plist";
				IPHONEOS_DEPLOYMENT_TARGET = 12.0;
				LD_RUNPATH_SEARCH_PATHS = "$(inherited) @executable_path/Frameworks @loader_path/Frameworks";
				MTL_ENABLE_DEBUG_INFO = INCLUDE_SOURCE;
				MTL_FAST_MATH = YES;
				PRODUCT_BUNDLE_IDENTIFIER = "com.shiqing.Graduation-RequirementUITests";
				PRODUCT_NAME = "$(TARGET_NAME)";
				SWIFT_OBJC_BRIDGING_HEADER = "UITest/Graduation RequirementUITests-Bridging-Header.h";
				SWIFT_OPTIMIZATION_LEVEL = "-Onone";
				SWIFT_VERSION = 4.2;
				TARGETED_DEVICE_FAMILY = "1,2";
				TEST_TARGET_NAME = "Graduation Requirement";
			};
			name = Debug;
		};
		18923748218643A3000E2AD0 /* Release */ = {
			isa = XCBuildConfiguration;
			buildSettings = {
				CLANG_ENABLE_MODULES = YES;
				CLANG_ENABLE_OBJC_WEAK = YES;
				CLANG_WARN_DEPRECATED_OBJC_IMPLEMENTATIONS = YES;
				CLANG_WARN_OBJC_IMPLICIT_RETAIN_SELF = YES;
				CODE_SIGN_STYLE = Automatic;
				INFOPLIST_FILE = "Graduation RequirementUITests/Info.plist";
				IPHONEOS_DEPLOYMENT_TARGET = 12.0;
				LD_RUNPATH_SEARCH_PATHS = "$(inherited) @executable_path/Frameworks @loader_path/Frameworks";
				MTL_FAST_MATH = YES;
				PRODUCT_BUNDLE_IDENTIFIER = "com.shiqing.Graduation-RequirementUITests";
				PRODUCT_NAME = "$(TARGET_NAME)";
				SWIFT_OBJC_BRIDGING_HEADER = "UITest/Graduation RequirementUITests-Bridging-Header.h";
				SWIFT_VERSION = 4.2;
				TARGETED_DEVICE_FAMILY = "1,2";
				TEST_TARGET_NAME = "Graduation Requirement";
			};
			name = Release;
		};
		F08E7C04215D9F8F00F2CD8F /* Debug */ = {
			isa = XCBuildConfiguration;
			buildSettings = {
				ALWAYS_SEARCH_USER_PATHS = NO;
				CLANG_ANALYZER_NONNULL = YES;
				CLANG_ANALYZER_NUMBER_OBJECT_CONVERSION = YES_AGGRESSIVE;
				CLANG_CXX_LANGUAGE_STANDARD = "gnu++14";
				CLANG_CXX_LIBRARY = "libc++";
				CLANG_ENABLE_MODULES = YES;
				CLANG_ENABLE_OBJC_ARC = YES;
				CLANG_WARN_BLOCK_CAPTURE_AUTORELEASING = YES;
				CLANG_WARN_BOOL_CONVERSION = YES;
				CLANG_WARN_COMMA = YES;
				CLANG_WARN_CONSTANT_CONVERSION = YES;
				CLANG_WARN_DIRECT_OBJC_ISA_USAGE = YES_ERROR;
				CLANG_WARN_DOCUMENTATION_COMMENTS = YES;
				CLANG_WARN_EMPTY_BODY = YES;
				CLANG_WARN_ENUM_CONVERSION = YES;
				CLANG_WARN_INFINITE_RECURSION = YES;
				CLANG_WARN_INT_CONVERSION = YES;
				CLANG_WARN_NON_LITERAL_NULL_CONVERSION = YES;
				CLANG_WARN_OBJC_LITERAL_CONVERSION = YES;
				CLANG_WARN_OBJC_ROOT_CLASS = YES_ERROR;
				CLANG_WARN_RANGE_LOOP_ANALYSIS = YES;
				CLANG_WARN_STRICT_PROTOTYPES = YES;
				CLANG_WARN_SUSPICIOUS_MOVE = YES;
				CLANG_WARN_UNGUARDED_AVAILABILITY = YES_AGGRESSIVE;
				CLANG_WARN_UNREACHABLE_CODE = YES;
				CLANG_WARN__DUPLICATE_METHOD_MATCH = YES;
				CODE_SIGN_IDENTITY = "iPhone Developer";
				COPY_PHASE_STRIP = NO;
				DEBUG_INFORMATION_FORMAT = dwarf;
				ENABLE_STRICT_OBJC_MSGSEND = YES;
				ENABLE_TESTABILITY = YES;
				GCC_C_LANGUAGE_STANDARD = gnu11;
				GCC_DYNAMIC_NO_PIC = NO;
				GCC_NO_COMMON_BLOCKS = YES;
				GCC_OPTIMIZATION_LEVEL = 0;
				GCC_PREPROCESSOR_DEFINITIONS = (
					"DEBUG=1",
					"$(inherited)",
				);
				GCC_WARN_64_TO_32_BIT_CONVERSION = YES;
				GCC_WARN_ABOUT_RETURN_TYPE = YES_ERROR;
				GCC_WARN_UNDECLARED_SELECTOR = YES;
				GCC_WARN_UNINITIALIZED_AUTOS = YES_AGGRESSIVE;
				GCC_WARN_UNUSED_FUNCTION = YES;
				GCC_WARN_UNUSED_VARIABLE = YES;
				IPHONEOS_DEPLOYMENT_TARGET = 11.0;
				MTL_ENABLE_DEBUG_INFO = YES;
				ONLY_ACTIVE_ARCH = YES;
				SDKROOT = iphoneos;
				SWIFT_ACTIVE_COMPILATION_CONDITIONS = DEBUG;
				SWIFT_OPTIMIZATION_LEVEL = "-Onone";
			};
			name = Debug;
		};
		F08E7C05215D9F8F00F2CD8F /* Release */ = {
			isa = XCBuildConfiguration;
			buildSettings = {
				ALWAYS_SEARCH_USER_PATHS = NO;
				CLANG_ANALYZER_NONNULL = YES;
				CLANG_ANALYZER_NUMBER_OBJECT_CONVERSION = YES_AGGRESSIVE;
				CLANG_CXX_LANGUAGE_STANDARD = "gnu++14";
				CLANG_CXX_LIBRARY = "libc++";
				CLANG_ENABLE_MODULES = YES;
				CLANG_ENABLE_OBJC_ARC = YES;
				CLANG_WARN_BLOCK_CAPTURE_AUTORELEASING = YES;
				CLANG_WARN_BOOL_CONVERSION = YES;
				CLANG_WARN_COMMA = YES;
				CLANG_WARN_CONSTANT_CONVERSION = YES;
				CLANG_WARN_DIRECT_OBJC_ISA_USAGE = YES_ERROR;
				CLANG_WARN_DOCUMENTATION_COMMENTS = YES;
				CLANG_WARN_EMPTY_BODY = YES;
				CLANG_WARN_ENUM_CONVERSION = YES;
				CLANG_WARN_INFINITE_RECURSION = YES;
				CLANG_WARN_INT_CONVERSION = YES;
				CLANG_WARN_NON_LITERAL_NULL_CONVERSION = YES;
				CLANG_WARN_OBJC_LITERAL_CONVERSION = YES;
				CLANG_WARN_OBJC_ROOT_CLASS = YES_ERROR;
				CLANG_WARN_RANGE_LOOP_ANALYSIS = YES;
				CLANG_WARN_STRICT_PROTOTYPES = YES;
				CLANG_WARN_SUSPICIOUS_MOVE = YES;
				CLANG_WARN_UNGUARDED_AVAILABILITY = YES_AGGRESSIVE;
				CLANG_WARN_UNREACHABLE_CODE = YES;
				CLANG_WARN__DUPLICATE_METHOD_MATCH = YES;
				CODE_SIGN_IDENTITY = "iPhone Developer";
				COPY_PHASE_STRIP = NO;
				DEBUG_INFORMATION_FORMAT = "dwarf-with-dsym";
				ENABLE_NS_ASSERTIONS = NO;
				ENABLE_STRICT_OBJC_MSGSEND = YES;
				GCC_C_LANGUAGE_STANDARD = gnu11;
				GCC_NO_COMMON_BLOCKS = YES;
				GCC_WARN_64_TO_32_BIT_CONVERSION = YES;
				GCC_WARN_ABOUT_RETURN_TYPE = YES_ERROR;
				GCC_WARN_UNDECLARED_SELECTOR = YES;
				GCC_WARN_UNINITIALIZED_AUTOS = YES_AGGRESSIVE;
				GCC_WARN_UNUSED_FUNCTION = YES;
				GCC_WARN_UNUSED_VARIABLE = YES;
				IPHONEOS_DEPLOYMENT_TARGET = 11.0;
				MTL_ENABLE_DEBUG_INFO = NO;
				SDKROOT = iphoneos;
				SWIFT_OPTIMIZATION_LEVEL = "-Owholemodule";
				VALIDATE_PRODUCT = YES;
			};
			name = Release;
		};
		F08E7C07215D9F8F00F2CD8F /* Debug */ = {
			isa = XCBuildConfiguration;
			buildSettings = {
				ASSETCATALOG_COMPILER_APPICON_NAME = AppIcon;
				CODE_SIGN_STYLE = Automatic;
				INFOPLIST_FILE = "Graduation Requirement/Info.plist";
				LD_RUNPATH_SEARCH_PATHS = "$(inherited) @executable_path/Frameworks";
				PRODUCT_BUNDLE_IDENTIFIER = "Travis.Graduation-Requirement";
				PRODUCT_NAME = "$(TARGET_NAME)";
				SWIFT_VERSION = 4.0;
				TARGETED_DEVICE_FAMILY = "1,2";
			};
			name = Debug;
		};
		F08E7C08215D9F8F00F2CD8F /* Release */ = {
			isa = XCBuildConfiguration;
			buildSettings = {
				ASSETCATALOG_COMPILER_APPICON_NAME = AppIcon;
				CODE_SIGN_STYLE = Automatic;
				INFOPLIST_FILE = "Graduation Requirement/Info.plist";
				LD_RUNPATH_SEARCH_PATHS = "$(inherited) @executable_path/Frameworks";
				PRODUCT_BUNDLE_IDENTIFIER = "Travis.Graduation-Requirement";
				PRODUCT_NAME = "$(TARGET_NAME)";
				SWIFT_VERSION = 4.0;
				TARGETED_DEVICE_FAMILY = "1,2";
			};
			name = Release;
		};
/* End XCBuildConfiguration section */

/* Begin XCConfigurationList section */
		18923727218636D6000E2AD0 /* Build configuration list for PBXNativeTarget "Graduation RequirementTests" */ = {
			isa = XCConfigurationList;
			buildConfigurations = (
				18923725218636D6000E2AD0 /* Debug */,
				18923726218636D6000E2AD0 /* Release */,
			);
			defaultConfigurationIsVisible = 0;
			defaultConfigurationName = Release;
		};
		18923733218636E4000E2AD0 /* Build configuration list for PBXNativeTarget "GraduationRequirementTests" */ = {
			isa = XCConfigurationList;
			buildConfigurations = (
				18923734218636E4000E2AD0 /* Debug */,
				18923735218636E4000E2AD0 /* Release */,
			);
			defaultConfigurationIsVisible = 0;
			defaultConfigurationName = Release;
		};
		18923746218643A3000E2AD0 /* Build configuration list for PBXNativeTarget "Graduation RequirementUITests" */ = {
			isa = XCConfigurationList;
			buildConfigurations = (
				18923747218643A3000E2AD0 /* Debug */,
				18923748218643A3000E2AD0 /* Release */,
			);
			defaultConfigurationIsVisible = 0;
			defaultConfigurationName = Release;
		};
		F08E7BEF215D9F8F00F2CD8F /* Build configuration list for PBXProject "Graduation Requirement" */ = {
			isa = XCConfigurationList;
			buildConfigurations = (
				F08E7C04215D9F8F00F2CD8F /* Debug */,
				F08E7C05215D9F8F00F2CD8F /* Release */,
			);
			defaultConfigurationIsVisible = 0;
			defaultConfigurationName = Release;
		};
		F08E7C06215D9F8F00F2CD8F /* Build configuration list for PBXNativeTarget "Graduation Requirement" */ = {
			isa = XCConfigurationList;
			buildConfigurations = (
				F08E7C07215D9F8F00F2CD8F /* Debug */,
				F08E7C08215D9F8F00F2CD8F /* Release */,
			);
			defaultConfigurationIsVisible = 0;
			defaultConfigurationName = Release;
		};
/* End XCConfigurationList section */
	};
	rootObject = F08E7BEC215D9F8F00F2CD8F /* Project object */;
}
